#MicroXplorer Configuration settings - do not modify
CAD.formats=
CAD.pinconfig=
CAD.provider=
CORTEX_M7.CPU_DCache=Enabled
CORTEX_M7.CPU_ICache=Enabled
CORTEX_M7.Enable_S-Cortex_Memory_Protection_Unit_Region1_Settings_S=MPU_REGION_ENABLE
CORTEX_M7.Enable_S-Cortex_Memory_Protection_Unit_Region2_Settings_S=MPU_REGION_ENABLE
CORTEX_M7.IPParameters=CPU_ICache,CPU_DCache,default_mode_Activation,MPU_Control,Enable_S-Cortex_Memory_Protection_Unit_Region1_Settings_S,Size_S-Cortex_Memory_Protection_Unit_Region1_Settings_S,Enable_S-Cortex_Memory_Protection_Unit_Region2_Settings_S,Size_S-Cortex_Memory_Protection_Unit_Region2_Settings_S
CORTEX_M7.MPU_Control=__NULL
CORTEX_M7.Size_S-Cortex_Memory_Protection_Unit_Region1_Settings_S=MPU_REGION_SIZE_128B
CORTEX_M7.Size_S-Cortex_Memory_Protection_Unit_Region2_Settings_S=MPU_REGION_SIZE_128B
CORTEX_M7.default_mode_Activation=1
CortexM4.IPs=BDMA,CORTEX_M4\:I,DEBUG,DMA,FATFS_M4\:I,FREERTOS_M4\:I,GPIO,IWDG2\:I,MDMA,NVIC2\:I,OPENAMP_M4\:I,PDM2PCM_M4\:I,PWR,RCC,RESMGR_UTILITY,SYS_M4\:I,USB_DEVICE_M4\:I,USB_HOST_M4\:I,VREFBUF,WWDG2\:I,SPI4\:I,CRC\:I
CortexM4.Pins=PE3,PE4,PA12,PE0
CortexM7.IPs=BDMA\:I,CORTEX_M7\:I,DEBUG\:I,DMA\:I,FATFS_M7\:I,FREERTOS_M7\:I,GPIO\:I,IWDG1\:I,MDMA\:I,NVIC1\:I,OPENAMP_M7\:I,PDM2PCM_M7\:I,PWR\:I,RCC\:I,RESMGR_UTILITY\:I,SYS\:I,USB_DEVICE_M7\:I,USB_HOST_M7\:I,VREFBUF\:I,WWDG1\:I,SPI3\:I,I2S2\:I,I2S1\:I
CortexM7.Pins=PF13
Dma.Request0=SPI2_TX
Dma.Request1=SPI1_RX
Dma.RequestsNb=2
Dma.SPI1_RX.1.Direction=DMA_PERIPH_TO_MEMORY
Dma.SPI1_RX.1.EventEnable=DISABLE
Dma.SPI1_RX.1.FIFOMode=DMA_FIFOMODE_DISABLE
Dma.SPI1_RX.1.Instance=DMA1_Stream0
Dma.SPI1_RX.1.MemDataAlignment=DMA_MDATAALIGN_WORD
Dma.SPI1_RX.1.MemInc=DMA_MINC_ENABLE
Dma.SPI1_RX.1.Mode=DMA_CIRCULAR
Dma.SPI1_RX.1.PeriphDataAlignment=DMA_PDATAALIGN_WORD
Dma.SPI1_RX.1.PeriphInc=DMA_PINC_DISABLE
Dma.SPI1_RX.1.Polarity=HAL_DMAMUX_REQ_GEN_RISING
Dma.SPI1_RX.1.Priority=DMA_PRIORITY_LOW
Dma.SPI1_RX.1.RequestNumber=1
Dma.SPI1_RX.1.RequestParameters=Instance,Direction,PeriphInc,MemInc,PeriphDataAlignment,MemDataAlignment,Mode,Priority,FIFOMode,SignalID,Polarity,RequestNumber,SyncSignalID,SyncPolarity,SyncEnable,EventEnable,SyncRequestNumber
Dma.SPI1_RX.1.SignalID=NONE
Dma.SPI1_RX.1.SyncEnable=DISABLE
Dma.SPI1_RX.1.SyncPolarity=HAL_DMAMUX_SYNC_NO_EVENT
Dma.SPI1_RX.1.SyncRequestNumber=1
Dma.SPI1_RX.1.SyncSignalID=NONE
Dma.SPI2_TX.0.Direction=DMA_MEMORY_TO_PERIPH
Dma.SPI2_TX.0.EventEnable=DISABLE
Dma.SPI2_TX.0.FIFOMode=DMA_FIFOMODE_DISABLE
Dma.SPI2_TX.0.Instance=DMA2_Stream1
Dma.SPI2_TX.0.MemDataAlignment=DMA_MDATAALIGN_WORD
Dma.SPI2_TX.0.MemInc=DMA_MINC_ENABLE
Dma.SPI2_TX.0.Mode=DMA_CIRCULAR
Dma.SPI2_TX.0.PeriphDataAlignment=DMA_PDATAALIGN_WORD
Dma.SPI2_TX.0.PeriphInc=DMA_PINC_DISABLE
Dma.SPI2_TX.0.Polarity=HAL_DMAMUX_REQ_GEN_RISING
Dma.SPI2_TX.0.Priority=DMA_PRIORITY_LOW
Dma.SPI2_TX.0.RequestNumber=1
Dma.SPI2_TX.0.RequestParameters=Instance,Direction,PeriphInc,MemInc,PeriphDataAlignment,MemDataAlignment,Mode,Priority,FIFOMode,SignalID,Polarity,RequestNumber,SyncSignalID,SyncPolarity,SyncEnable,EventEnable,SyncRequestNumber
Dma.SPI2_TX.0.SignalID=NONE
Dma.SPI2_TX.0.SyncEnable=DISABLE
Dma.SPI2_TX.0.SyncPolarity=HAL_DMAMUX_SYNC_NO_EVENT
Dma.SPI2_TX.0.SyncRequestNumber=1
Dma.SPI2_TX.0.SyncSignalID=NONE
File.Version=6
GPIO.groupedBy=Group By Peripherals
I2S1.AudioFreq=I2S_AUDIOFREQ_48K
I2S1.Data24BitAlignment=I2S_DATA_24BIT_ALIGNMENT_LEFT
I2S1.DataFormat=I2S_DATAFORMAT_24B
I2S1.ErrorAudioFreq=-0.79 %
I2S1.IPParameters=Instance,RealAudioFreq,ErrorAudioFreq,AudioFreq,DataFormat,Data24BitAlignment
I2S1.Instance=SPI$Index
I2S1.RealAudioFreq=47.619 KHz
I2S2.AudioFreq=I2S_AUDIOFREQ_48K
I2S2.Data24BitAlignment=I2S_DATA_24BIT_ALIGNMENT_LEFT
I2S2.DataFormat=I2S_DATAFORMAT_24B
I2S2.ErrorAudioFreq=-0.79 %
I2S2.IPParameters=Instance,RealAudioFreq,ErrorAudioFreq,AudioFreq,DataFormat,Standard,Data24BitAlignment,MasterKeepIOState,WSInversion
I2S2.Instance=SPI$Index
I2S2.MasterKeepIOState=I2S_MASTER_KEEP_IO_STATE_ENABLE
I2S2.RealAudioFreq=47.619 KHz
I2S2.Standard=I2S_STANDARD_PHILIPS
I2S2.WSInversion=I2S_WS_INVERSION_ENABLE
KeepUserPlacement=false
Mcu.CPN=STM32H747IGT6
Mcu.Context0=CortexM7
Mcu.Context1=CortexM4
Mcu.ContextNb=2
Mcu.Family=STM32H7
Mcu.IP0=CORTEX_M4
Mcu.IP1=CORTEX_M7
Mcu.IP10=SPI4
Mcu.IP11=SYS_M4
Mcu.IP12=SYS
Mcu.IP2=CRC
Mcu.IP3=DMA
Mcu.IP4=I2S1
Mcu.IP5=I2S2
Mcu.IP6=NVIC1
Mcu.IP7=NVIC2
Mcu.IP8=RCC
Mcu.IP9=SPI3
Mcu.IPNb=13
Mcu.Name=STM32H747IGTx
Mcu.Package=LQFP176
Mcu.Pin0=PE2
Mcu.Pin1=PE3
Mcu.Pin10=PB2
Mcu.Pin11=PF13
Mcu.Pin12=PB10
Mcu.Pin13=PB12
Mcu.Pin14=PA12
Mcu.Pin15=PC10
Mcu.Pin16=PC11
Mcu.Pin17=PG9
Mcu.Pin18=PE0
Mcu.Pin19=VP_CRC_VS_CRC
Mcu.Pin2=PE4
Mcu.Pin20=VP_SYS_VS_Systick
Mcu.Pin21=VP_SYS_M4_VS_Systick
Mcu.Pin3=PE5
Mcu.Pin4=PE6
Mcu.Pin5=PH0-OSC_IN (PH0)
Mcu.Pin6=PH1-OSC_OUT (PH1)
Mcu.Pin7=PC1
Mcu.Pin8=PA4
Mcu.Pin9=PA5
Mcu.PinsNb=22
Mcu.ThirdPartyNb=0
Mcu.UserConstants=
Mcu.UserName=STM32H747IGTx
MxCube.Version=6.10.0
MxDb.Version=DB.6.0.100
NVIC1.BusFault_IRQn=true\:0\:0\:false\:false\:true\:false\:false\:false
NVIC1.DMA1_Stream0_IRQn=true\:0\:0\:false\:false\:true\:false\:true\:true
NVIC1.DMA2_Stream1_IRQn=true\:0\:0\:false\:false\:true\:false\:true\:true
NVIC1.DebugMonitor_IRQn=true\:0\:0\:false\:false\:true\:false\:false\:false
NVIC1.ForceEnableDMAVector=true
NVIC1.HardFault_IRQn=true\:0\:0\:false\:false\:true\:false\:false\:false
NVIC1.MemoryManagement_IRQn=true\:0\:0\:false\:false\:true\:false\:false\:false
NVIC1.NonMaskableInt_IRQn=true\:0\:0\:false\:false\:true\:false\:false\:false
NVIC1.PendSV_IRQn=true\:0\:0\:false\:false\:true\:false\:false\:false
NVIC1.PriorityGroup=NVIC_PRIORITYGROUP_4
NVIC1.SVCall_IRQn=true\:0\:0\:false\:false\:true\:false\:false\:false
NVIC1.SysTick_IRQn=true\:15\:0\:true\:false\:true\:false\:true\:false
NVIC1.UsageFault_IRQn=true\:0\:0\:false\:false\:true\:false\:false\:false
NVIC2.BusFault_IRQn=true\:0\:0\:false\:false\:true\:false\:false\:false
NVIC2.DebugMonitor_IRQn=true\:0\:0\:false\:false\:true\:false\:false\:false
NVIC2.ForceEnableDMAVector=true
NVIC2.HardFault_IRQn=true\:0\:0\:false\:false\:true\:false\:false\:false
NVIC2.MemoryManagement_IRQn=true\:0\:0\:false\:false\:true\:false\:false\:false
NVIC2.NonMaskableInt_IRQn=true\:0\:0\:false\:false\:true\:false\:false\:false
NVIC2.PendSV_IRQn=true\:0\:0\:false\:false\:true\:false\:false\:false
NVIC2.PriorityGroup=NVIC_PRIORITYGROUP_4
NVIC2.SVCall_IRQn=true\:0\:0\:false\:false\:true\:false\:false\:false
NVIC2.SysTick_IRQn=true\:15\:0\:true\:false\:true\:false\:true\:false
NVIC2.UsageFault_IRQn=true\:0\:0\:false\:false\:true\:false\:false\:false
PA12.ContextOwner=CortexM4
PA12.GPIOParameters=PinState,GPIO_Label,PinAttribute
PA12.GPIO_Label=LED_M4_STATE
PA12.Locked=true
PA12.PinAttribute=CortexM4
PA12.PinState=GPIO_PIN_SET
PA12.Signal=GPIO_Output
PA4.GPIOParameters=GPIO_PuPd,GPIO_Label,PinAttribute
PA4.GPIO_Label=ADC_WS_PIN
PA4.GPIO_PuPd=GPIO_PULLUP
PA4.Mode=Half_Duplex_Master_Rx
PA4.PinAttribute=CortexM7
PA4.Signal=I2S1_WS
PA5.GPIOParameters=GPIO_PuPd,GPIO_Label,PinAttribute
PA5.GPIO_Label=ADC_CLK_PIN
PA5.GPIO_PuPd=GPIO_PULLUP
PA5.Mode=Half_Duplex_Master_Rx
PA5.PinAttribute=CortexM7
PA5.Signal=I2S1_CK
PB10.GPIOParameters=PinAttribute
PB10.Mode=Half_Duplex_Master_Tx
PB10.PinAttribute=CortexM7
PB10.Signal=I2S2_CK
PB12.GPIOParameters=PinAttribute
PB12.Mode=Half_Duplex_Master_Tx
PB12.PinAttribute=CortexM7
PB12.Signal=I2S2_WS
PB2.GPIOParameters=PinAttribute
PB2.Mode=Full_Duplex_Master
PB2.PinAttribute=CortexM7
PB2.Signal=SPI3_MOSI
PC1.GPIOParameters=PinAttribute
PC1.Mode=Half_Duplex_Master_Tx
PC1.PinAttribute=CortexM7
PC1.Signal=I2S2_SDO
PC10.GPIOParameters=PinAttribute
PC10.Mode=Full_Duplex_Master
PC10.PinAttribute=CortexM7
PC10.Signal=SPI3_SCK
PC11.GPIOParameters=GPIO_Speed,GPIO_PuPd,PinAttribute
PC11.GPIO_PuPd=GPIO_NOPULL
PC11.GPIO_Speed=GPIO_SPEED_FREQ_VERY_HIGH
PC11.Mode=Full_Duplex_Master
PC11.PinAttribute=CortexM7
PC11.Signal=SPI3_MISO
PE0.ContextOwner=CortexM4
PE0.GPIOParameters=PinState,GPIO_PuPd,GPIO_Label,PinAttribute
PE0.GPIO_Label=DISPLAY_RST
PE0.GPIO_PuPd=GPIO_PULLUP
PE0.Locked=true
PE0.PinAttribute=CortexM4
PE0.PinState=GPIO_PIN_SET
PE0.Signal=GPIO_Output
PE2.GPIOParameters=PinAttribute
PE2.Mode=Full_Duplex_Master
PE2.PinAttribute=CortexM4
PE2.Signal=SPI4_SCK
PE3.ContextOwner=CortexM4
PE3.GPIOParameters=GPIO_Speed,PinState,GPIO_PuPd,GPIO_Label,PinAttribute
PE3.GPIO_Label=DISPLAY_CS
PE3.GPIO_PuPd=GPIO_PULLUP
PE3.GPIO_Speed=GPIO_SPEED_FREQ_VERY_HIGH
PE3.Locked=true
PE3.PinAttribute=CortexM4
PE3.PinState=GPIO_PIN_SET
PE3.Signal=GPIO_Output
PE4.ContextOwner=CortexM4
PE4.GPIOParameters=PinState,GPIO_PuPd,GPIO_Label,PinAttribute
PE4.GPIO_Label=DISPLAY_DC
PE4.GPIO_PuPd=GPIO_PULLUP
PE4.Locked=true
PE4.PinAttribute=CortexM4
PE4.PinState=GPIO_PIN_SET
PE4.Signal=GPIO_Output
PE5.GPIOParameters=PinAttribute
PE5.Mode=Full_Duplex_Master
PE5.PinAttribute=CortexM4
PE5.Signal=SPI4_MISO
PE6.GPIOParameters=PinAttribute
PE6.Mode=Full_Duplex_Master
PE6.PinAttribute=CortexM4
PE6.Signal=SPI4_MOSI
PF13.ContextOwner=CortexM7
PF13.GPIOParameters=GPIO_Speed,PinState,GPIO_PuPd,GPIO_Label,PinAttribute
PF13.GPIO_Label=CODEC_CS
PF13.GPIO_PuPd=GPIO_PULLUP
PF13.GPIO_Speed=GPIO_SPEED_FREQ_VERY_HIGH
PF13.Locked=true
PF13.PinAttribute=CortexM7
PF13.PinState=GPIO_PIN_SET
PF13.Signal=GPIO_Output
PG9.GPIOParameters=GPIO_PuPd,GPIO_Label,PinAttribute
PG9.GPIO_Label=ADC_DATA_PIN
PG9.GPIO_PuPd=GPIO_PULLUP
PG9.Locked=true
PG9.Mode=Half_Duplex_Master_Rx
PG9.PinAttribute=CortexM7
PG9.Signal=I2S1_SDI
PH0-OSC_IN\ (PH0).GPIOParameters=PinAttribute
PH0-OSC_IN\ (PH0).Mode=HSE-External-Oscillator
PH0-OSC_IN\ (PH0).PinAttribute=CortexM7
PH0-OSC_IN\ (PH0).Signal=RCC_OSC_IN
PH1-OSC_OUT\ (PH1).GPIOParameters=PinAttribute
PH1-OSC_OUT\ (PH1).Mode=HSE-External-Oscillator
PH1-OSC_OUT\ (PH1).PinAttribute=Free
PH1-OSC_OUT\ (PH1).Signal=RCC_OSC_OUT
PinOutPanel.RotationAngle=0
ProjectManager.AskForMigrate=true
ProjectManager.BackupPrevious=false
ProjectManager.BootMode=boot0
ProjectManager.CompilerOptimize=6
ProjectManager.ComputerToolchain=false
ProjectManager.CoupleFile=false
ProjectManager.CustomerFirmwarePackage=
ProjectManager.DefaultFWLocation=true
ProjectManager.DeletePrevious=true
ProjectManager.DeviceId=STM32H747IGTx
ProjectManager.FirmwarePackage=STM32Cube FW_H7 V1.11.1
ProjectManager.FreePins=false
ProjectManager.HalAssertFull=false
ProjectManager.HeapSize=M4-0x200,M7-0x200
ProjectManager.KeepUserCode=true
ProjectManager.LastFirmware=true
ProjectManager.LibraryCopy=1
ProjectManager.MainLocation=Core/Src
ProjectManager.NoMain=false
ProjectManager.PreviousToolchain=STM32CubeIDE
ProjectManager.ProjectBuild=false
ProjectManager.ProjectFileName=stm_audio_board_Octave_test.ioc
ProjectManager.ProjectName=stm_audio_board_Octave_test
ProjectManager.ProjectStructure=M7\:CortexM7 Project\:true;M4\:CortexM4 Project\:true;
ProjectManager.RegisterCallBack=I2S
ProjectManager.StackSize=M4-0x400,M7-0x400
ProjectManager.TargetToolchain=STM32CubeIDE
ProjectManager.ToolChainLocation=
ProjectManager.UAScriptAfterPath=
ProjectManager.UAScriptBeforePath=
ProjectManager.UnderRoot=true
ProjectManager.functionlistsort=1-SystemClock_Config-RCC-false-HAL-false-CortexM7,2-MX_GPIO_Init-GPIO-false-HAL-true-CortexM7,3-MX_DMA_Init-DMA-false-HAL-true-CortexM7,4-MX_I2S2_Init-I2S2-false-HAL-true-CortexM7,5-MX_SPI3_Init-SPI3-false-HAL-true-CortexM7,6-MX_I2S1_Init-I2S1-false-HAL-true-CortexM7,1-MX_GPIO_Init-GPIO-false-HAL-true-CortexM4,2-MX_DMA_Init-DMA-false-HAL-true-CortexM4,3-MX_CRC_Init-CRC-false-HAL-true-CortexM4,4-MX_SPI4_Init-SPI4-false-HAL-true-CortexM4,0-MX_CORTEX_M7_Init-CORTEX_M7-false-HAL-true-CortexM7,0-MX_CORTEX_M4_Init-CORTEX_M4-false-HAL-true-CortexM4
RCC.ADCFreq_Value=50390625
RCC.AHB12Freq_Value=240000000
RCC.AHB4Freq_Value=240000000
RCC.APB1Freq_Value=120000000
RCC.APB2Freq_Value=120000000
RCC.APB3Freq_Value=120000000
RCC.APB4Freq_Value=120000000
RCC.AXIClockFreq_Value=240000000
RCC.CECFreq_Value=32000
RCC.CKPERFreq_Value=64000000
RCC.CPU2Freq_Value=240000000
RCC.CPU2SystikFreq_Value=240000000
RCC.CortexFreq_Value=480000000
RCC.CpuClockFreq_Value=480000000
RCC.D1CPREFreq_Value=480000000
RCC.D1PPRE=RCC_APB3_DIV2
RCC.D2PPRE1=RCC_APB1_DIV2
RCC.D2PPRE2=RCC_APB2_DIV2
RCC.D3PPRE=RCC_APB4_DIV2
RCC.DFSDMACLkFreq_Value=192000000
RCC.DFSDMFreq_Value=120000000
RCC.DIVM1=5
RCC.DIVN1=192
RCC.DIVP1Freq_Value=480000000
RCC.DIVP2Freq_Value=50390625
RCC.DIVP3Freq_Value=50390625
RCC.DIVQ1=5
RCC.DIVQ1Freq_Value=192000000
RCC.DIVQ2Freq_Value=50390625
RCC.DIVQ3Freq_Value=50390625
RCC.DIVR1Freq_Value=480000000
RCC.DIVR2Freq_Value=50390625
RCC.DIVR3Freq_Value=50390625
RCC.DSIFreq_Value=62500000
RCC.DSITXEscFreq_Value=15625000
RCC.FDCANFreq_Value=192000000
RCC.FMCFreq_Value=240000000
RCC.FamilyName=M
RCC.HCLK3ClockFreq_Value=240000000
RCC.HCLKFreq_Value=240000000
RCC.HPRE=RCC_HCLK_DIV2
RCC.HRTIMFreq_Value=240000000
RCC.HSE_VALUE=25000000
RCC.I2C123Freq_Value=120000000
RCC.I2C4Freq_Value=120000000
RCC.IPParameters=ADCFreq_Value,AHB12Freq_Value,AHB4Freq_Value,APB1Freq_Value,APB2Freq_Value,APB3Freq_Value,APB4Freq_Value,AXIClockFreq_Value,CECFreq_Value,CKPERFreq_Value,CPU2Freq_Value,CPU2SystikFreq_Value,CortexFreq_Value,CpuClockFreq_Value,D1CPREFreq_Value,D1PPRE,D2PPRE1,D2PPRE2,D3PPRE,DFSDMACLkFreq_Value,DFSDMFreq_Value,DIVM1,DIVN1,DIVP1Freq_Value,DIVP2Freq_Value,DIVP3Freq_Value,DIVQ1,DIVQ1Freq_Value,DIVQ2Freq_Value,DIVQ3Freq_Value,DIVR1Freq_Value,DIVR2Freq_Value,DIVR3Freq_Value,DSIFreq_Value,DSITXEscFreq_Value,FDCANFreq_Value,FMCFreq_Value,FamilyName,HCLK3ClockFreq_Value,HCLKFreq_Value,HPRE,HRTIMFreq_Value,HSE_VALUE,I2C123Freq_Value,I2C4Freq_Value,LPTIM1Freq_Value,LPTIM2Freq_Value,LPTIM345Freq_Value,LPUART1Freq_Value,LTDCFreq_Value,MCO1PinFreq_Value,MCO2PinFreq_Value,PLL1_VCO_SEL,PLL2FRACN,PLL3FRACN,PLLDSIVCOFreq_Value,PLLFRACN,PLLSourceVirtual,PWR_Regulator_Voltage_Scale,ProductRev,QSPIFreq_Value,RNGFreq_Value,RTCFreq_Value,SAI1Freq_Value,SAI23Freq_Value,SAI4AFreq_Value,SAI4BFreq_Value,SDMMCFreq_Value,SPDIFRXFreq_Value,SPI123Freq_Value,SPI45Freq_Value,SPI6Freq_Value,SWPMI1Freq_Value,SYSCLKFreq_VALUE,SYSCLKSource,SupplySource,Tim1OutputFreq_Value,Tim2OutputFreq_Value,TraceFreq_Value,USART16Freq_Value,USART234578Freq_Value,USBFreq_Value,VCO1OutputFreq_Value,VCO2OutputFreq_Value,VCO3OutputFreq_Value,VCOInput1Freq_Value,VCOInput2Freq_Value,VCOInput3Freq_Value
RCC.LPTIM1Freq_Value=120000000
RCC.LPTIM2Freq_Value=120000000
RCC.LPTIM345Freq_Value=120000000
RCC.LPUART1Freq_Value=120000000
RCC.LTDCFreq_Value=50390625
RCC.MCO1PinFreq_Value=64000000
RCC.MCO2PinFreq_Value=480000000
RCC.PLL1_VCO_SEL=RCC_PLL1VCOWIDE
RCC.PLL2FRACN=0
RCC.PLL3FRACN=0
RCC.PLLDSIVCOFreq_Value=1000000000
RCC.PLLFRACN=0
RCC.PLLSourceVirtual=RCC_PLLSOURCE_HSE
RCC.PWR_Regulator_Voltage_Scale=PWR_REGULATOR_VOLTAGE_SCALE0
RCC.ProductRev=revV
RCC.QSPIFreq_Value=240000000
RCC.RNGFreq_Value=48000000
RCC.RTCFreq_Value=32000
RCC.SAI1Freq_Value=192000000
RCC.SAI23Freq_Value=192000000
RCC.SAI4AFreq_Value=192000000
RCC.SAI4BFreq_Value=192000000
RCC.SDMMCFreq_Value=192000000
RCC.SPDIFRXFreq_Value=192000000
RCC.SPI123Freq_Value=192000000
RCC.SPI45Freq_Value=120000000
RCC.SPI6Freq_Value=120000000
RCC.SWPMI1Freq_Value=120000000
RCC.SYSCLKFreq_VALUE=480000000
RCC.SYSCLKSource=RCC_SYSCLKSOURCE_PLLCLK
RCC.SupplySource=PWR_LDO_SUPPLY
RCC.Tim1OutputFreq_Value=240000000
RCC.Tim2OutputFreq_Value=240000000
RCC.TraceFreq_Value=64000000
RCC.USART16Freq_Value=120000000
RCC.USART234578Freq_Value=120000000
RCC.USBFreq_Value=192000000
RCC.VCO1OutputFreq_Value=960000000
RCC.VCO2OutputFreq_Value=100781250
RCC.VCO3OutputFreq_Value=100781250
RCC.VCOInput1Freq_Value=5000000
RCC.VCOInput2Freq_Value=781250
RCC.VCOInput3Freq_Value=781250
SPI3.BaudRatePrescaler=SPI_BAUDRATEPRESCALER_64
SPI3.CRCCalculation=SPI_CRCCALCULATION_DISABLE
SPI3.CalculateBaudRate=3.0 MBits/s
SPI3.DataSize=SPI_DATASIZE_8BIT
SPI3.Direction=SPI_DIRECTION_2LINES
SPI3.IPParameters=VirtualType,Mode,Direction,CalculateBaudRate,DataSize,BaudRatePrescaler,CRCCalculation
SPI3.Mode=SPI_MODE_MASTER
SPI3.VirtualType=VM_MASTER
SPI4.BaudRatePrescaler=SPI_BAUDRATEPRESCALER_128
SPI4.CalculateBaudRate=937.5 KBits/s
SPI4.DataSize=SPI_DATASIZE_8BIT
SPI4.Direction=SPI_DIRECTION_2LINES
SPI4.IPParameters=VirtualType,Mode,Direction,CalculateBaudRate,DataSize,BaudRatePrescaler
SPI4.Mode=SPI_MODE_MASTER
SPI4.VirtualType=VM_MASTER
SYS.userName=SYS_M7
VP_CRC_VS_CRC.Mode=CRC_Activate
VP_CRC_VS_CRC.Signal=CRC_VS_CRC
VP_SYS_M4_VS_Systick.Mode=SysTick
VP_SYS_M4_VS_Systick.Signal=SYS_M4_VS_Systick
VP_SYS_VS_Systick.Mode=SysTick
VP_SYS_VS_Systick.Signal=SYS_VS_Systick
board=custom
isbadioc=false
