#MicroXplorer Configuration settings - do not modify
ADC3.Channel-2\#ChannelRegularConversion=ADC_CHANNEL_2
ADC3.IPParameters=Rank-2\#ChannelRegularConversion,Channel-2\#ChannelRegularConversion,SamplingTime-2\#ChannelRegularConversion,OffsetNumber-2\#ChannelRegularConversion,OffsetSign-2\#ChannelRegularConversion,NbrOfConversionFlag
ADC3.NbrOfConversionFlag=1
ADC3.OffsetNumber-2\#ChannelRegularConversion=ADC_OFFSET_NONE
ADC3.OffsetSign-2\#ChannelRegularConversion=ADC3_OFFSET_SIGN_NEGATIVE
ADC3.Rank-2\#ChannelRegularConversion=1
ADC3.SamplingTime-2\#ChannelRegularConversion=ADC3_SAMPLETIME_2CYCLES_5
CAD.formats=
CAD.pinconfig=
CAD.provider=
CORTEX_M7.CPU_DCache=Enabled
CORTEX_M7.CPU_ICache=Enabled
CORTEX_M7.IPParameters=CPU_ICache,CPU_DCache
File.Version=6
I2S2.AudioFreq=I2S_AUDIOFREQ_48K
I2S2.DataFormat=I2S_DATAFORMAT_24B
I2S2.ErrorAudioFreq=-0.53 %
I2S2.IPParameters=Instance,RealAudioFreq,ErrorAudioFreq,DataFormat,AudioFreq
I2S2.Instance=SPI$Index
I2S2.RealAudioFreq=47.743 KHz
I2S3.AudioFreq=I2S_AUDIOFREQ_48K
I2S3.ErrorAudioFreq=0.3 %
I2S3.IPParameters=Instance,RealAudioFreq,ErrorAudioFreq,AudioFreq
I2S3.Instance=SPI$Index
I2S3.RealAudioFreq=48.144 KHz
KeepUserPlacement=false
Mcu.CPN=STM32H723ZGT6
Mcu.Family=STM32H7
Mcu.IP0=ADC3
Mcu.IP1=CORTEX_M7
Mcu.IP2=I2S2
Mcu.IP3=I2S3
Mcu.IP4=NVIC
Mcu.IP5=RCC
Mcu.IP6=SPI1
Mcu.IP7=SYS
Mcu.IPNb=8
Mcu.Name=STM32H723ZGTx
Mcu.Package=LQFP144
Mcu.Pin0=PF3
Mcu.Pin1=PF5
Mcu.Pin10=PA5
Mcu.Pin11=PA6
Mcu.Pin12=PA7
Mcu.Pin13=PB2
Mcu.Pin14=PB10
Mcu.Pin15=PB12
Mcu.Pin16=PC10
Mcu.Pin17=VP_SYS_VS_Systick
Mcu.Pin2=PF7
Mcu.Pin3=PF8
Mcu.Pin4=PF9
Mcu.Pin5=PF10
Mcu.Pin6=PH0-OSC_IN
Mcu.Pin7=PH1-OSC_OUT
Mcu.Pin8=PC2_C
Mcu.Pin9=PA4
Mcu.PinsNb=18
Mcu.ThirdPartyNb=0
Mcu.UserConstants=
Mcu.UserName=STM32H723ZGTx
MxCube.Version=6.10.0
MxDb.Version=DB.6.0.100
NVIC.BusFault_IRQn=true\:0\:0\:false\:false\:true\:false\:false\:false
NVIC.DebugMonitor_IRQn=true\:0\:0\:false\:false\:true\:false\:false\:false
NVIC.ForceEnableDMAVector=true
NVIC.HardFault_IRQn=true\:0\:0\:false\:false\:true\:false\:false\:false
NVIC.MemoryManagement_IRQn=true\:0\:0\:false\:false\:true\:false\:false\:false
NVIC.NonMaskableInt_IRQn=true\:0\:0\:false\:false\:true\:false\:false\:false
NVIC.PendSV_IRQn=true\:0\:0\:false\:false\:true\:false\:false\:false
NVIC.PriorityGroup=NVIC_PRIORITYGROUP_4
NVIC.SVCall_IRQn=true\:0\:0\:false\:false\:true\:false\:false\:false
NVIC.SysTick_IRQn=true\:15\:0\:false\:false\:true\:false\:true\:false
NVIC.UsageFault_IRQn=true\:0\:0\:false\:false\:true\:false\:false\:false
PA4.Mode=Half_Duplex_Master_Tx
PA4.Signal=I2S3_WS
PA5.Mode=Full_Duplex_Master
PA5.Signal=SPI1_SCK
PA6.Mode=Full_Duplex_Master
PA6.Signal=SPI1_MISO
PA7.Mode=Full_Duplex_Master
PA7.Signal=SPI1_MOSI
PB10.Mode=Half_Duplex_Master_Rx
PB10.Signal=I2S2_CK
PB12.Mode=Half_Duplex_Master_Rx
PB12.Signal=I2S2_WS
PB2.Mode=Half_Duplex_Master_Tx
PB2.Signal=I2S3_SDO
PC10.Mode=Half_Duplex_Master_Tx
PC10.Signal=I2S3_CK
PC2_C.Mode=Half_Duplex_Master_Rx
PC2_C.Signal=I2S2_SDI
PF10.Mode=IN6-Single-Ended
PF10.Signal=ADC3_INP6
PF3.Mode=IN5-Single-Ended
PF3.Signal=ADC3_INP5
PF5.Mode=IN4-Single-Ended
PF5.Signal=ADC3_INP4
PF7.Mode=IN3-Single-Ended
PF7.Signal=ADC3_INP3
PF8.Mode=IN7-Single-Ended
PF8.Signal=ADC3_INP7
PF9.Mode=IN2-Single-Ended
PF9.Signal=ADC3_INP2
PH0-OSC_IN.Mode=HSE-External-Oscillator
PH0-OSC_IN.Signal=RCC_OSC_IN
PH1-OSC_OUT.Mode=HSE-External-Oscillator
PH1-OSC_OUT.Signal=RCC_OSC_OUT
PinOutPanel.RotationAngle=0
ProjectManager.AskForMigrate=true
ProjectManager.BackupPrevious=false
ProjectManager.CompilerOptimize=6
ProjectManager.ComputerToolchain=false
ProjectManager.CoupleFile=false
ProjectManager.CustomerFirmwarePackage=
ProjectManager.DefaultFWLocation=true
ProjectManager.DeletePrevious=true
ProjectManager.DeviceId=STM32H723ZGTx
ProjectManager.FirmwarePackage=STM32Cube FW_H7 V1.11.1
ProjectManager.FreePins=false
ProjectManager.HalAssertFull=false
ProjectManager.HeapSize=0x200
ProjectManager.KeepUserCode=true
ProjectManager.LastFirmware=true
ProjectManager.LibraryCopy=1
ProjectManager.MainLocation=Core/Src
ProjectManager.NoMain=false
ProjectManager.PreviousToolchain=
ProjectManager.ProjectBuild=false
ProjectManager.ProjectFileName=stm_audio_board_V3_pinsetup.ioc
ProjectManager.ProjectName=stm_audio_board_V3_pinsetup
ProjectManager.ProjectStructure=
ProjectManager.RegisterCallBack=
ProjectManager.StackSize=0x400
ProjectManager.TargetToolchain=STM32CubeIDE
ProjectManager.ToolChainLocation=
ProjectManager.UAScriptAfterPath=
ProjectManager.UAScriptBeforePath=
ProjectManager.UnderRoot=true
ProjectManager.functionlistsort=1-SystemClock_Config-RCC-false-HAL-false,2-MX_GPIO_Init-GPIO-false-HAL-true,3-MX_I2S2_Init-I2S2-false-HAL-true,4-MX_ADC3_Init-ADC3-false-HAL-true,5-MX_I2S3_Init-I2S3-false-HAL-true,6-MX_SPI1_Init-SPI1-false-HAL-true,0-MX_CORTEX_M7_Init-CORTEX_M7-false-HAL-true
RCC.ADCFreq_Value=93750000
RCC.AHB12Freq_Value=275000000
RCC.AHB4Freq_Value=275000000
RCC.APB1Freq_Value=137500000
RCC.APB2Freq_Value=137500000
RCC.APB3Freq_Value=137500000
RCC.APB4Freq_Value=137500000
RCC.AXIClockFreq_Value=275000000
RCC.CECFreq_Value=32000
RCC.CKPERFreq_Value=64000000
RCC.CortexFreq_Value=550000000
RCC.CpuClockFreq_Value=550000000
RCC.D1CPREFreq_Value=550000000
RCC.D1PPRE=RCC_APB3_DIV2
RCC.D2PPRE1=RCC_APB1_DIV2
RCC.D2PPRE2=RCC_APB2_DIV2
RCC.D3PPRE=RCC_APB4_DIV2
RCC.DFSDMACLkFreq_Value=183333333.33333334
RCC.DFSDMFreq_Value=137500000
RCC.DIVM1=2
RCC.DIVM2=18
RCC.DIVN1=44
RCC.DIVN2=135
RCC.DIVP1=1
RCC.DIVP1Freq_Value=550000000
RCC.DIVP2Freq_Value=93750000
RCC.DIVP3Freq_Value=50390625
RCC.DIVQ1=3
RCC.DIVQ1Freq_Value=183333333.33333334
RCC.DIVQ2Freq_Value=93750000
RCC.DIVQ3Freq_Value=50390625
RCC.DIVR1Freq_Value=275000000
RCC.DIVR2Freq_Value=93750000
RCC.DIVR3Freq_Value=50390625
RCC.FDCANFreq_Value=183333333.33333334
RCC.FMCFreq_Value=275000000
RCC.FamilyName=M
RCC.HCLK3ClockFreq_Value=275000000
RCC.HCLKFreq_Value=275000000
RCC.HPRE=RCC_HCLK_DIV2
RCC.I2C123Freq_Value=137500000
RCC.I2C4Freq_Value=137500000
RCC.IPParameters=ADCFreq_Value,AHB12Freq_Value,AHB4Freq_Value,APB1Freq_Value,APB2Freq_Value,APB3Freq_Value,APB4Freq_Value,AXIClockFreq_Value,CECFreq_Value,CKPERFreq_Value,CortexFreq_Value,CpuClockFreq_Value,D1CPREFreq_Value,D1PPRE,D2PPRE1,D2PPRE2,D3PPRE,DFSDMACLkFreq_Value,DFSDMFreq_Value,DIVM1,DIVM2,DIVN1,DIVN2,DIVP1,DIVP1Freq_Value,DIVP2Freq_Value,DIVP3Freq_Value,DIVQ1,DIVQ1Freq_Value,DIVQ2Freq_Value,DIVQ3Freq_Value,DIVR1Freq_Value,DIVR2Freq_Value,DIVR3Freq_Value,FDCANFreq_Value,FMCFreq_Value,FamilyName,HCLK3ClockFreq_Value,HCLKFreq_Value,HPRE,I2C123Freq_Value,I2C4Freq_Value,LPTIM1Freq_Value,LPTIM2Freq_Value,LPTIM345Freq_Value,LPUART1Freq_Value,LTDCFreq_Value,MCO1PinFreq_Value,MCO2PinFreq_Value,PLL2FRACN,PLL3FRACN,PLLFRACN,PLLSourceVirtual,QSPIFreq_Value,RNGFreq_Value,RTCFreq_Value,SAI1Freq_Value,SAI4AFreq_Value,SAI4BFreq_Value,SDMMCFreq_Value,SPDIFRXFreq_Value,SPI123Freq_Value,SPI45Freq_Value,SPI6Freq_Value,SWPMI1Freq_Value,SYSCLKFreq_VALUE,SYSCLKSource,Tim1OutputFreq_Value,Tim2OutputFreq_Value,TraceFreq_Value,USART16Freq_Value,USART234578Freq_Value,USBFreq_Value,VCO1OutputFreq_Value,VCO2OutputFreq_Value,VCO3OutputFreq_Value,VCOInput1Freq_Value,VCOInput2Freq_Value,VCOInput3Freq_Value
RCC.LPTIM1Freq_Value=137500000
RCC.LPTIM2Freq_Value=137500000
RCC.LPTIM345Freq_Value=137500000
RCC.LPUART1Freq_Value=137500000
RCC.LTDCFreq_Value=50390625
RCC.MCO1PinFreq_Value=64000000
RCC.MCO2PinFreq_Value=550000000
RCC.PLL2FRACN=0
RCC.PLL3FRACN=0
RCC.PLLFRACN=0
RCC.PLLSourceVirtual=RCC_PLLSOURCE_HSE
RCC.QSPIFreq_Value=275000000
RCC.RNGFreq_Value=48000000
RCC.RTCFreq_Value=32000
RCC.SAI1Freq_Value=183333333.33333334
RCC.SAI4AFreq_Value=183333333.33333334
RCC.SAI4BFreq_Value=183333333.33333334
RCC.SDMMCFreq_Value=183333333.33333334
RCC.SPDIFRXFreq_Value=183333333.33333334
RCC.SPI123Freq_Value=183333333.33333334
RCC.SPI45Freq_Value=137500000
RCC.SPI6Freq_Value=137500000
RCC.SWPMI1Freq_Value=137500000
RCC.SYSCLKFreq_VALUE=550000000
RCC.SYSCLKSource=RCC_SYSCLKSOURCE_PLLCLK
RCC.Tim1OutputFreq_Value=275000000
RCC.Tim2OutputFreq_Value=275000000
RCC.TraceFreq_Value=64000000
RCC.USART16Freq_Value=137500000
RCC.USART234578Freq_Value=137500000
RCC.USBFreq_Value=183333333.33333334
RCC.VCO1OutputFreq_Value=550000000
RCC.VCO2OutputFreq_Value=187500000
RCC.VCO3OutputFreq_Value=100781250
RCC.VCOInput1Freq_Value=12500000
RCC.VCOInput2Freq_Value=1388888.888888889
RCC.VCOInput3Freq_Value=781250
SPI1.CalculateBaudRate=91.666664 MBits/s
SPI1.DataSize=SPI_DATASIZE_8BIT
SPI1.Direction=SPI_DIRECTION_2LINES
SPI1.IPParameters=VirtualType,Mode,Direction,CalculateBaudRate,DataSize
SPI1.Mode=SPI_MODE_MASTER
SPI1.VirtualType=VM_MASTER
VP_SYS_VS_Systick.Mode=SysTick
VP_SYS_VS_Systick.Signal=SYS_VS_Systick
board=custom
isbadioc=false
